
Microsoft Visual Studio Solution File, Format Version 12.00
# Visual Studio 15
VisualStudioVersion = 15.0.28307.489
MinimumVisualStudioVersion = 10.0.40219.1
Project("{FAE04EC0-301F-11D3-BF4B-00C04F79EFBC}") = "Backend", "Backend\Backend.csproj", "{CF700810-DD7B-4301-B402-4C1359FD50C8}"
EndProject
Project("{FAE04EC0-301F-11D3-BF4B-00C04F79EFBC}") = "ProductoApi", "ProductoApi\ProductoApi.csproj", "{AB2317BD-D5B5-4019-B4F9-1F4000D801EA}"
EndProject
Global
	GlobalSection(SolutionConfigurationPlatforms) = preSolution
		Debug|Any CPU = Debug|Any CPU
		Release|Any CPU = Release|Any CPU
	EndGlobalSection
	GlobalSection(ProjectConfigurationPlatforms) = postSolution
		{CF700810-DD7B-4301-B402-4C1359FD50C8}.Debug|Any CPU.ActiveCfg = Debug|Any CPU
		{CF700810-DD7B-4301-B402-4C1359FD50C8}.Debug|Any CPU.Build.0 = Debug|Any CPU
		{CF700810-DD7B-4301-B402-4C1359FD50C8}.Release|Any CPU.ActiveCfg = Release|Any CPU
		{CF700810-DD7B-4301-B402-4C1359FD50C8}.Release|Any CPU.Build.0 = Release|Any CPU
		{AB2317BD-D5B5-4019-B4F9-1F4000D801EA}.Debug|Any CPU.ActiveCfg = Debug|Any CPU
		{AB2317BD-D5B5-4019-B4F9-1F4000D801EA}.Debug|Any CPU.Build.0 = Debug|Any CPU
		{AB2317BD-D5B5-4019-B4F9-1F4000D801EA}.Release|Any CPU.ActiveCfg = Release|Any CPU
		{AB2317BD-D5B5-4019-B4F9-1F4000D801EA}.Release|Any CPU.Build.0 = Release|Any CPU
	EndGlobalSection
	GlobalSection(SolutionProperties) = preSolution
		HideSolutionNode = FALSE
	EndGlobalSection
	GlobalSection(ExtensibilityGlobals) = postSolution
		SolutionGuid = {7FB56F8D-1EE9-437C-A174-65F146AAC585}
	EndGlobalSection
EndGlobal
